# THIS IS AN AUTOGENERATED FILE. DO NOT EDIT THIS FILE DIRECTLY.
# yarn lockfile v1


asap@~2.0.3:
  version "2.0.5"
  resolved "https://registry.yarnpkg.com/asap/-/asap-2.0.5.tgz#522765b50c3510490e52d7dcfe085ef9ba96958f"

asn1.js@^4.0.0:
  version "4.9.0"
  resolved "https://registry.yarnpkg.com/asn1.js/-/asn1.js-4.9.0.tgz#f71a1243f3e79d46d7b07d7fbf4824ee73af054a"
  dependencies:
    bn.js "^4.0.0"
    inherits "^2.0.1"
    minimalistic-assert "^1.0.0"

base64-js@^1.0.2:
  version "1.2.0"
  resolved "https://registry.yarnpkg.com/base64-js/-/base64-js-1.2.0.tgz#a39992d723584811982be5e290bb6a53d86700f1"

bn.js@^4.0.0, bn.js@^4.1.0, bn.js@^4.1.1, bn.js@^4.4.0:
  version "4.11.6"
  resolved "https://registry.yarnpkg.com/bn.js/-/bn.js-4.11.6.tgz#53344adb14617a13f6e8dd2ce28905d1c0ba3215"

brorand@^1.0.1:
  version "1.0.6"
  resolved "https://registry.yarnpkg.com/brorand/-/brorand-1.0.6.tgz#4028706b915f91f7b349a2e0bf3c376039d216e5"

browserify-aes@^1.0.0, browserify-aes@^1.0.4:
  version "1.0.6"
  resolved "https://registry.yarnpkg.com/browserify-aes/-/browserify-aes-1.0.6.tgz#5e7725dbdef1fd5930d4ebab48567ce451c48a0a"
  dependencies:
    buffer-xor "^1.0.2"
    cipher-base "^1.0.0"
    create-hash "^1.1.0"
    evp_bytestokey "^1.0.0"
    inherits "^2.0.1"

browserify-cipher@^1.0.0:
  version "1.0.0"
  resolved "https://registry.yarnpkg.com/browserify-cipher/-/browserify-cipher-1.0.0.tgz#9988244874bf5ed4e28da95666dcd66ac8fc363a"
  dependencies:
    browserify-aes "^1.0.4"
    browserify-des "^1.0.0"
    evp_bytestokey "^1.0.0"

browserify-des@^1.0.0:
  version "1.0.0"
  resolved "https://registry.yarnpkg.com/browserify-des/-/browserify-des-1.0.0.tgz#daa277717470922ed2fe18594118a175439721dd"
  dependencies:
    cipher-base "^1.0.1"
    des.js "^1.0.0"
    inherits "^2.0.1"

browserify-rsa@^4.0.0:
  version "4.0.1"
  resolved "https://registry.yarnpkg.com/browserify-rsa/-/browserify-rsa-4.0.1.tgz#21e0abfaf6f2029cf2fafb133567a701d4135524"
  dependencies:
    bn.js "^4.1.0"
    randombytes "^2.0.1"

browserify-sign@^4.0.0:
  version "4.0.0"
  resolved "https://registry.yarnpkg.com/browserify-sign/-/browserify-sign-4.0.0.tgz#10773910c3c206d5420a46aad8694f820b85968f"
  dependencies:
    bn.js "^4.1.1"
    browserify-rsa "^4.0.0"
    create-hash "^1.1.0"
    create-hmac "^1.1.2"
    elliptic "^6.0.0"
    inherits "^2.0.1"
    parse-asn1 "^5.0.0"

browserify-zlib@^0.1.4:
  version "0.1.4"
  resolved "https://registry.yarnpkg.com/browserify-zlib/-/browserify-zlib-0.1.4.tgz#bb35f8a519f600e0fa6b8485241c979d0141fb2d"
  dependencies:
    pako "~0.2.0"

buffer-shims@^1.0.0:
  version "1.0.0"
  resolved "https://registry.yarnpkg.com/buffer-shims/-/buffer-shims-1.0.0.tgz#9978ce317388c649ad8793028c3477ef044a8b51"

buffer-xor@^1.0.2:
  version "1.0.3"
  resolved "https://registry.yarnpkg.com/buffer-xor/-/buffer-xor-1.0.3.tgz#26e61ed1422fb70dd42e6e36729ed51d855fe8d9"

buffer@^5.0.0:
  version "5.0.1"
  resolved "https://registry.yarnpkg.com/buffer/-/buffer-5.0.1.tgz#28165188f46d451b516b8be3e611b00029573486"
  dependencies:
    base64-js "^1.0.2"
    ieee754 "^1.1.4"

builtin-status-codes@^2.0.0:
  version "2.0.0"
  resolved "https://registry.yarnpkg.com/builtin-status-codes/-/builtin-status-codes-2.0.0.tgz#6f22003baacf003ccd287afe6872151fddc58579"

cipher-base@^1.0.0, cipher-base@^1.0.1:
  version "1.0.3"
  resolved "https://registry.yarnpkg.com/cipher-base/-/cipher-base-1.0.3.tgz#eeabf194419ce900da3018c207d212f2a6df0a07"
  dependencies:
    inherits "^2.0.1"

core-js@^1.0.0:
  version "1.2.7"
  resolved "https://registry.yarnpkg.com/core-js/-/core-js-1.2.7.tgz#652294c14651db28fa93bd2d5ff2983a4f08c636"

core-util-is@~1.0.0:
  version "1.0.2"
  resolved "https://registry.yarnpkg.com/core-util-is/-/core-util-is-1.0.2.tgz#b5fd54220aa2bc5ab57aab7140c940754503c1a7"

create-ecdh@^4.0.0:
  version "4.0.0"
  resolved "https://registry.yarnpkg.com/create-ecdh/-/create-ecdh-4.0.0.tgz#888c723596cdf7612f6498233eebd7a35301737d"
  dependencies:
    bn.js "^4.1.0"
    elliptic "^6.0.0"

create-hash@^1.1.0, create-hash@^1.1.1:
  version "1.1.2"
  resolved "https://registry.yarnpkg.com/create-hash/-/create-hash-1.1.2.tgz#51210062d7bb7479f6c65bb41a92208b1d61abad"
  dependencies:
    cipher-base "^1.0.1"
    inherits "^2.0.1"
    ripemd160 "^1.0.0"
    sha.js "^2.3.6"

create-hmac@^1.1.0, create-hmac@^1.1.2:
  version "1.1.4"
  resolved "https://registry.yarnpkg.com/create-hmac/-/create-hmac-1.1.4.tgz#d3fb4ba253eb8b3f56e39ea2fbcb8af747bd3170"
  dependencies:
    create-hash "^1.1.0"
    inherits "^2.0.1"

crypto-browserify@^3.11.0:
  version "3.11.0"
  resolved "https://registry.yarnpkg.com/crypto-browserify/-/crypto-browserify-3.11.0.tgz#3652a0906ab9b2a7e0c3ce66a408e957a2485522"
  dependencies:
    browserify-cipher "^1.0.0"
    browserify-sign "^4.0.0"
    create-ecdh "^4.0.0"
    create-hash "^1.1.0"
    create-hmac "^1.1.0"
    diffie-hellman "^5.0.0"
    inherits "^2.0.1"
    pbkdf2 "^3.0.3"
    public-encrypt "^4.0.0"
    randombytes "^2.0.0"

des.js@^1.0.0:
  version "1.0.0"
  resolved "https://registry.yarnpkg.com/des.js/-/des.js-1.0.0.tgz#c074d2e2aa6a8a9a07dbd61f9a15c2cd83ec8ecc"
  dependencies:
    inherits "^2.0.1"
    minimalistic-assert "^1.0.0"

diffie-hellman@^5.0.0:
  version "5.0.2"
  resolved "https://registry.yarnpkg.com/diffie-hellman/-/diffie-hellman-5.0.2.tgz#b5835739270cfe26acf632099fded2a07f209e5e"
  dependencies:
    bn.js "^4.1.0"
    miller-rabin "^4.0.0"
    randombytes "^2.0.0"

domain-browser@^1.1.7:
  version "1.1.7"
  resolved "https://registry.yarnpkg.com/domain-browser/-/domain-browser-1.1.7.tgz#867aa4b093faa05f1de08c06f4d7b21fdf8698bc"

elliptic@^6.0.0:
  version "6.3.2"
  resolved "https://registry.yarnpkg.com/elliptic/-/elliptic-6.3.2.tgz#e4c81e0829cf0a65ab70e998b8232723b5c1bc48"
  dependencies:
    bn.js "^4.4.0"
    brorand "^1.0.1"
    hash.js "^1.0.0"
    inherits "^2.0.1"

encoding@^0.1.11:
  version "0.1.12"
  resolved "https://registry.yarnpkg.com/encoding/-/encoding-0.1.12.tgz#538b66f3ee62cd1ab51ec323829d1f9480c74beb"
  dependencies:
    iconv-lite "~0.4.13"

evp_bytestokey@^1.0.0:
  version "1.0.0"
  resolved "https://registry.yarnpkg.com/evp_bytestokey/-/evp_bytestokey-1.0.0.tgz#497b66ad9fef65cd7c08a6180824ba1476b66e53"
  dependencies:
    create-hash "^1.1.1"

fbjs@^0.8.1, fbjs@^0.8.4:
  version "0.8.6"
  resolved "https://registry.yarnpkg.com/fbjs/-/fbjs-0.8.6.tgz#7eb67d6986b2d5007a9b6e92e0e7cb6f75cad290"
  dependencies:
    core-js "^1.0.0"
    isomorphic-fetch "^2.1.1"
    loose-envify "^1.0.0"
    object-assign "^4.1.0"
    promise "^7.1.1"
    ua-parser-js "^0.7.9"

hash.js@^1.0.0:
  version "1.0.3"
  resolved "https://registry.yarnpkg.com/hash.js/-/hash.js-1.0.3.tgz#1332ff00156c0a0ffdd8236013d07b77a0451573"
  dependencies:
    inherits "^2.0.1"

iconv-lite@~0.4.13:
  version "0.4.13"
  resolved "https://registry.yarnpkg.com/iconv-lite/-/iconv-lite-0.4.13.tgz#1f88aba4ab0b1508e8312acc39345f36e992e2f2"

ieee754@^1.1.4:
  version "1.1.8"
  resolved "https://registry.yarnpkg.com/ieee754/-/ieee754-1.1.8.tgz#be33d40ac10ef1926701f6f08a2d86fbfd1ad3e4"

inherits@^2.0.1, inherits@~2.0.1:
  version "2.0.3"
  resolved "https://registry.yarnpkg.com/inherits/-/inherits-2.0.3.tgz#633c2c83e3da42a502f52466022480f4208261de"

is-stream@^1.0.1:
  version "1.1.0"
  resolved "https://registry.yarnpkg.com/is-stream/-/is-stream-1.1.0.tgz#12d4a3dd4e68e0b79ceb8dbc84173ae80d91ca44"

isarray@~1.0.0:
  version "1.0.0"
  resolved "https://registry.yarnpkg.com/isarray/-/isarray-1.0.0.tgz#bb935d48582cba168c06834957a54a3e07124f11"

isomorphic-fetch@^2.1.1:
  version "2.2.1"
  resolved "https://registry.yarnpkg.com/isomorphic-fetch/-/isomorphic-fetch-2.2.1.tgz#611ae1acf14f5e81f729507472819fe9733558a9"
  dependencies:
    node-fetch "^1.0.1"
    whatwg-fetch ">=0.10.0"

js-tokens@^2.0.0:
  version "2.0.0"
  resolved "https://registry.yarnpkg.com/js-tokens/-/js-tokens-2.0.0.tgz#79903f5563ee778cc1162e6dcf1a0027c97f9cb5"

"jspm-nodelibs-assert@github:jspm/nodelibs-assert":
  version "0.2.0"
  resolved "https://codeload.github.com/jspm/nodelibs-assert/tar.gz/300511666919c7a420e868c0cba6f5a652b7f181"

"jspm-nodelibs-buffer@github:alexisvincent/nodelibs-buffer":
  version "0.3.0"
  resolved "https://codeload.github.com/alexisvincent/nodelibs-buffer/tar.gz/218ee95b4e41ae6709e2246393942e5d8c58b0ea"
  dependencies:
    buffer "^5.0.0"

"jspm-nodelibs-child_process@github:jspm/nodelibs-child_process":
  version "0.2.0"
  resolved "https://codeload.github.com/jspm/nodelibs-child_process/tar.gz/cfdc2d27af9d644c7366174bb1de793fe8e9b5f0"

"jspm-nodelibs-cluster@github:jspm/nodelibs-cluster":
  version "0.2.0"
  resolved "https://codeload.github.com/jspm/nodelibs-cluster/tar.gz/3e860218e0377db083ce1344bdd4fe00ce55ba1e"

"jspm-nodelibs-console@github:jspm/nodelibs-console":
  version "0.2.1"
  resolved "https://codeload.github.com/jspm/nodelibs-console/tar.gz/2c708a3141fb3bbd83e568997086ae7eee605f86"

"jspm-nodelibs-constants@github:jspm/nodelibs-constants":
  version "0.2.0"
  resolved "https://codeload.github.com/jspm/nodelibs-constants/tar.gz/eab9ace469f5f8e767397a894e2168c450991b23"

"jspm-nodelibs-crypto@github:jspm/nodelibs-crypto":
  version "0.2.0"
  resolved "https://codeload.github.com/jspm/nodelibs-crypto/tar.gz/916bcca3ca088d0abb86e949f80d95374cb98362"
  dependencies:
    crypto-browserify "^3.11.0"

"jspm-nodelibs-dgram@github:jspm/nodelibs-dgram":
  version "0.2.0"
  resolved "https://codeload.github.com/jspm/nodelibs-dgram/tar.gz/3ea3db55ca80a417201992103378ce6d8de25f6c"

"jspm-nodelibs-dns@github:jspm/nodelibs-dns":
  version "0.2.0"
  resolved "https://codeload.github.com/jspm/nodelibs-dns/tar.gz/7dc8ed45dbf4955b9f98aea7406b877ee7b6a774"

"jspm-nodelibs-domain@github:jspm/nodelibs-domain":
  version "0.2.0"
  resolved "https://codeload.github.com/jspm/nodelibs-domain/tar.gz/31266e4c148b11665b01ac00ad83d2d318bc2f3a"
  dependencies:
    domain-browser "^1.1.7"

"jspm-nodelibs-events@github:jspm/nodelibs-events":
  version "0.2.0"
  resolved "https://codeload.github.com/jspm/nodelibs-events/tar.gz/8de16cf4f1e222003d4474c074e1f4e586c7af42"

"jspm-nodelibs-fs@github:jspm/nodelibs-fs":
  version "0.2.0"
  resolved "https://codeload.github.com/jspm/nodelibs-fs/tar.gz/cec6a394f91f3524e72b02e940895ff8224a7e31"

"jspm-nodelibs-http@github:jspm/nodelibs-http":
  version "0.2.0"
  resolved "https://codeload.github.com/jspm/nodelibs-http/tar.gz/d9695acd19f036396fc3325ede3a814d94eb5502"
  dependencies:
    stream-http "^2.0.2"

"jspm-nodelibs-https@github:jspm/nodelibs-https":
  version "0.2.1"
  resolved "https://codeload.github.com/jspm/nodelibs-https/tar.gz/03da1a99a726c82d2c1db7c766763b42d3017f8e"

"jspm-nodelibs-module@github:jspm/nodelibs-module":
  version "0.2.0"
  resolved "https://codeload.github.com/jspm/nodelibs-module/tar.gz/2df5505600396eb99b5752f47c826ba33bdb194c"

"jspm-nodelibs-net@github:jspm/nodelibs-net":
  version "0.2.0"
  resolved "https://codeload.github.com/jspm/nodelibs-net/tar.gz/71b3139a1af61434135586a8bb95a194a266eae1"

"jspm-nodelibs-os@github:jspm/nodelibs-os":
  version "0.2.0"
  resolved "https://codeload.github.com/jspm/nodelibs-os/tar.gz/5dc25f4572b5460fc6caed1245d41700858a2df9"
  dependencies:
    os-browserify "^0.2.0"

"jspm-nodelibs-path@github:jspm/nodelibs-path":
  version "0.2.1"
  resolved "https://codeload.github.com/jspm/nodelibs-path/tar.gz/366c5b05e5ee6feed820ab674207a4643290fe37"

"jspm-nodelibs-process@github:jspm/nodelibs-process":
  version "0.2.0"
  resolved "https://codeload.github.com/jspm/nodelibs-process/tar.gz/a603cf42280ad4346c73d91caec312f9f3535724"

"jspm-nodelibs-punycode@github:jspm/nodelibs-punycode":
  version "0.2.0"
  resolved "https://codeload.github.com/jspm/nodelibs-punycode/tar.gz/ac6a6aea21a14bb1b0810a1b1376992e7edfc8d1"
  dependencies:
    punycode "^1.3.0"

"jspm-nodelibs-querystring@github:jspm/nodelibs-querystring":
  version "0.2.0"
  resolved "https://codeload.github.com/jspm/nodelibs-querystring/tar.gz/8511d57812a9347a894669e4a544ee3ef19171e8"

"jspm-nodelibs-readline@github:jspm/nodelibs-readline":
  version "0.2.0"
  resolved "https://codeload.github.com/jspm/nodelibs-readline/tar.gz/c5aea34a0a2709ac56d7255f7afdbeca0c403f1a"

"jspm-nodelibs-repl@github:jspm/nodelibs-repl":
  version "0.2.0"
  resolved "https://codeload.github.com/jspm/nodelibs-repl/tar.gz/46fbc74c0abed658e10950a87507bce029fc71c3"

"jspm-nodelibs-stream@github:jspm/nodelibs-stream":
  version "0.2.0"
  resolved "https://codeload.github.com/jspm/nodelibs-stream/tar.gz/1e45169f0dd33b7dd069ac71c1451cb9c97fcc02"
  dependencies:
    stream-browserify "^2.0.1"

"jspm-nodelibs-string_decoder@github:jspm/nodelibs-string_decoder":
  version "0.2.0"
  resolved "https://codeload.github.com/jspm/nodelibs-string_decoder/tar.gz/4ada152d14a0627146a92e69e866d6551c68e5b1"
  dependencies:
    string_decoder "^0.10.31"

"jspm-nodelibs-timers@github:jspm/nodelibs-timers":
  version "0.2.0"
  resolved "https://codeload.github.com/jspm/nodelibs-timers/tar.gz/99515d81769c97dd4f45ecb5f6f2f8925a4e514f"
  dependencies:
    timers-browserify "^1.4.2"

"jspm-nodelibs-tls@github:jspm/nodelibs-tls":
  version "0.2.0"
  resolved "https://codeload.github.com/jspm/nodelibs-tls/tar.gz/6577b9ee65d9e4434fdf3a153b852570aa2cf3cd"

"jspm-nodelibs-tty@github:jspm/nodelibs-tty":
  version "0.2.0"
  resolved "https://codeload.github.com/jspm/nodelibs-tty/tar.gz/aed9a41ca80f35829ab7d9e827b323f99e482437"

"jspm-nodelibs-url@github:jspm/nodelibs-url":
  version "0.2.0"
  resolved "https://codeload.github.com/jspm/nodelibs-url/tar.gz/70fc96f80afc5ae4d50b9047eb4074c7e2c3c943"
  dependencies:
    url "^0.11.0"

"jspm-nodelibs-util@github:jspm/nodelibs-util":
  version "0.2.1"
  resolved "https://codeload.github.com/jspm/nodelibs-util/tar.gz/56953ea0f27d378e911baa2324405cc04fae15c5"

"jspm-nodelibs-vm@github:jspm/nodelibs-vm":
  version "0.2.0"
  resolved "https://codeload.github.com/jspm/nodelibs-vm/tar.gz/4a686700a8c8fc4cdd52547082132b69b9356e3f"

"jspm-nodelibs-zlib@github:jspm/nodelibs-zlib":
  version "0.2.0"
  resolved "https://codeload.github.com/jspm/nodelibs-zlib/tar.gz/2ca74692613176a36fbc3ee7d1047af5ada631e9"
  dependencies:
    browserify-zlib "^0.1.4"

loose-envify@^1.0.0, loose-envify@^1.1.0:
  version "1.3.0"
  resolved "https://registry.yarnpkg.com/loose-envify/-/loose-envify-1.3.0.tgz#6b26248c42f6d4fa4b0d8542f78edfcde35642a8"
  dependencies:
    js-tokens "^2.0.0"

miller-rabin@^4.0.0:
  version "4.0.0"
  resolved "https://registry.yarnpkg.com/miller-rabin/-/miller-rabin-4.0.0.tgz#4a62fb1d42933c05583982f4c716f6fb9e6c6d3d"
  dependencies:
    bn.js "^4.0.0"
    brorand "^1.0.1"

minimalistic-assert@^1.0.0:
  version "1.0.0"
  resolved "https://registry.yarnpkg.com/minimalistic-assert/-/minimalistic-assert-1.0.0.tgz#702be2dda6b37f4836bcb3f5db56641b64a1d3d3"

node-fetch@^1.0.1:
  version "1.6.3"
  resolved "https://registry.yarnpkg.com/node-fetch/-/node-fetch-1.6.3.tgz#dc234edd6489982d58e8f0db4f695029abcd8c04"
  dependencies:
    encoding "^0.1.11"
    is-stream "^1.0.1"

object-assign@^4.1.0:
  version "4.1.0"
  resolved "https://registry.yarnpkg.com/object-assign/-/object-assign-4.1.0.tgz#7a3b3d0e98063d43f4c03f2e8ae6cd51a86883a0"

os-browserify@^0.2.0:
  version "0.2.1"
  resolved "https://registry.yarnpkg.com/os-browserify/-/os-browserify-0.2.1.tgz#63fc4ccee5d2d7763d26bbf8601078e6c2e0044f"

pako@~0.2.0:
  version "0.2.9"
  resolved "https://registry.yarnpkg.com/pako/-/pako-0.2.9.tgz#f3f7522f4ef782348da8161bad9ecfd51bf83a75"

parse-asn1@^5.0.0:
  version "5.0.0"
  resolved "https://registry.yarnpkg.com/parse-asn1/-/parse-asn1-5.0.0.tgz#35060f6d5015d37628c770f4e091a0b5a278bc23"
  dependencies:
    asn1.js "^4.0.0"
    browserify-aes "^1.0.0"
    create-hash "^1.1.0"
    evp_bytestokey "^1.0.0"
    pbkdf2 "^3.0.3"

pbkdf2@^3.0.3:
  version "3.0.9"
  resolved "https://registry.yarnpkg.com/pbkdf2/-/pbkdf2-3.0.9.tgz#f2c4b25a600058b3c3773c086c37dbbee1ffe693"
  dependencies:
    create-hmac "^1.1.2"

process-nextick-args@~1.0.6:
  version "1.0.7"
  resolved "https://registry.yarnpkg.com/process-nextick-args/-/process-nextick-args-1.0.7.tgz#150e20b756590ad3f91093f25a4f2ad8bff30ba3"

process@~0.11.0:
  version "0.11.9"
  resolved "https://registry.yarnpkg.com/process/-/process-0.11.9.tgz#7bd5ad21aa6253e7da8682264f1e11d11c0318c1"

promise@^7.1.1:
  version "7.1.1"
  resolved "https://registry.yarnpkg.com/promise/-/promise-7.1.1.tgz#489654c692616b8aa55b0724fa809bb7db49c5bf"
  dependencies:
    asap "~2.0.3"

public-encrypt@^4.0.0:
  version "4.0.0"
  resolved "https://registry.yarnpkg.com/public-encrypt/-/public-encrypt-4.0.0.tgz#39f699f3a46560dd5ebacbca693caf7c65c18cc6"
  dependencies:
    bn.js "^4.1.0"
    browserify-rsa "^4.0.0"
    create-hash "^1.1.0"
    parse-asn1 "^5.0.0"
    randombytes "^2.0.1"

punycode@1.3.2:
  version "1.3.2"
  resolved "https://registry.yarnpkg.com/punycode/-/punycode-1.3.2.tgz#9653a036fb7c1ee42342f2325cceefea3926c48d"

punycode@^1.3.0:
  version "1.4.1"
  resolved "https://registry.yarnpkg.com/punycode/-/punycode-1.4.1.tgz#c0d5a63b2718800ad8e1eb0fa5269c84dd41845e"

querystring@0.2.0:
  version "0.2.0"
  resolved "https://registry.yarnpkg.com/querystring/-/querystring-0.2.0.tgz#b209849203bb25df820da756e747005878521620"

randombytes@^2.0.0, randombytes@^2.0.1:
  version "2.0.3"
  resolved "https://registry.yarnpkg.com/randombytes/-/randombytes-2.0.3.tgz#674c99760901c3c4112771a31e521dc349cc09ec"

react-dom@^15.3.2:
  version "15.4.0"
  resolved "https://registry.yarnpkg.com/react-dom/-/react-dom-15.4.0.tgz#6a97a69000966570db48c746bc4b7b0ca50d1534"
  dependencies:
    fbjs "^0.8.1"
    loose-envify "^1.1.0"
    object-assign "^4.1.0"

react@^15.3.2:
  version "15.4.0"
  resolved "https://registry.yarnpkg.com/react/-/react-15.4.0.tgz#736c1c7c542e8088127106e1f450b010f86d172b"
  dependencies:
    fbjs "^0.8.4"
    loose-envify "^1.1.0"
    object-assign "^4.1.0"

readable-stream@^2.0.2, readable-stream@^2.1.0:
  version "2.2.2"
  resolved "https://registry.yarnpkg.com/readable-stream/-/readable-stream-2.2.2.tgz#a9e6fec3c7dda85f8bb1b3ba7028604556fc825e"
  dependencies:
    buffer-shims "^1.0.0"
    core-util-is "~1.0.0"
    inherits "~2.0.1"
    isarray "~1.0.0"
    process-nextick-args "~1.0.6"
    string_decoder "~0.10.x"
    util-deprecate "~1.0.1"

ripemd160@^1.0.0:
  version "1.0.1"
  resolved "https://registry.yarnpkg.com/ripemd160/-/ripemd160-1.0.1.tgz#93a4bbd4942bc574b69a8fa57c71de10ecca7d6e"

sha.js@^2.3.6:
  version "2.4.8"
  resolved "https://registry.yarnpkg.com/sha.js/-/sha.js-2.4.8.tgz#37068c2c476b6baf402d14a49c67f597921f634f"
  dependencies:
    inherits "^2.0.1"

stream-browserify@^2.0.1:
  version "2.0.1"
  resolved "https://registry.yarnpkg.com/stream-browserify/-/stream-browserify-2.0.1.tgz#66266ee5f9bdb9940a4e4514cafb43bb71e5c9db"
  dependencies:
    inherits "~2.0.1"
    readable-stream "^2.0.2"

stream-http@^2.0.2:
  version "2.5.0"
  resolved "https://registry.yarnpkg.com/stream-http/-/stream-http-2.5.0.tgz#585eee513217ed98fe199817e7313b6f772a6802"
  dependencies:
    builtin-status-codes "^2.0.0"
    inherits "^2.0.1"
    readable-stream "^2.1.0"
    to-arraybuffer "^1.0.0"
    xtend "^4.0.0"

string_decoder@^0.10.31, string_decoder@~0.10.x:
  version "0.10.31"
  resolved "https://registry.yarnpkg.com/string_decoder/-/string_decoder-0.10.31.tgz#62e203bc41766c6c28c9fc84301dab1c5310fa94"

systemjs-nodelibs@^1.0.0:
  version "1.0.0"
  resolved "https://registry.yarnpkg.com/systemjs-nodelibs/-/systemjs-nodelibs-1.0.0.tgz#7e270a1b2120414284fce176143c77d61bf6d897"
  dependencies:
    jspm-nodelibs-assert jspm/nodelibs-assert
    jspm-nodelibs-buffer alexisvincent/nodelibs-buffer
    jspm-nodelibs-child_process jspm/nodelibs-child_process
    jspm-nodelibs-cluster jspm/nodelibs-cluster
    jspm-nodelibs-console jspm/nodelibs-console
    jspm-nodelibs-constants jspm/nodelibs-constants
    jspm-nodelibs-crypto jspm/nodelibs-crypto
    jspm-nodelibs-dgram jspm/nodelibs-dgram
    jspm-nodelibs-dns jspm/nodelibs-dns
    jspm-nodelibs-domain jspm/nodelibs-domain
    jspm-nodelibs-events jspm/nodelibs-events
    jspm-nodelibs-fs jspm/nodelibs-fs
    jspm-nodelibs-http jspm/nodelibs-http
    jspm-nodelibs-https jspm/nodelibs-https
    jspm-nodelibs-module jspm/nodelibs-module
    jspm-nodelibs-net jspm/nodelibs-net
    jspm-nodelibs-os jspm/nodelibs-os
    jspm-nodelibs-path jspm/nodelibs-path
    jspm-nodelibs-process jspm/nodelibs-process
    jspm-nodelibs-punycode jspm/nodelibs-punycode
    jspm-nodelibs-querystring jspm/nodelibs-querystring
    jspm-nodelibs-readline jspm/nodelibs-readline
    jspm-nodelibs-repl jspm/nodelibs-repl
    jspm-nodelibs-stream jspm/nodelibs-stream
    jspm-nodelibs-string_decoder jspm/nodelibs-string_decoder
    jspm-nodelibs-timers jspm/nodelibs-timers
    jspm-nodelibs-tls jspm/nodelibs-tls
    jspm-nodelibs-tty jspm/nodelibs-tty
    jspm-nodelibs-url jspm/nodelibs-url
    jspm-nodelibs-util jspm/nodelibs-util
    jspm-nodelibs-vm jspm/nodelibs-vm
    jspm-nodelibs-zlib jspm/nodelibs-zlib
    readable-stream "^2.0.2"

systemjs-plugin-babel@^0.0.17:
  version "0.0.17"
  resolved "https://registry.yarnpkg.com/systemjs-plugin-babel/-/systemjs-plugin-babel-0.0.17.tgz#66561e4fb0135328d5a03d9613ce52da7b101c8b"

systemjs@^0.19.41:
  version "0.19.41"
  resolved "https://registry.yarnpkg.com/systemjs/-/systemjs-0.19.41.tgz#835d2c0f10bf403b551fedc875f84bb44a02c4eb"
  dependencies:
    when "^3.7.5"

timers-browserify@^1.4.2:
  version "1.4.2"
  resolved "https://registry.yarnpkg.com/timers-browserify/-/timers-browserify-1.4.2.tgz#c9c58b575be8407375cb5e2462dacee74359f41d"
  dependencies:
    process "~0.11.0"

to-arraybuffer@^1.0.0:
  version "1.0.1"
  resolved "https://registry.yarnpkg.com/to-arraybuffer/-/to-arraybuffer-1.0.1.tgz#7d229b1fcc637e466ca081180836a7aabff83f43"

ua-parser-js@^0.7.9:
  version "0.7.12"
  resolved "https://registry.yarnpkg.com/ua-parser-js/-/ua-parser-js-0.7.12.tgz#04c81a99bdd5dc52263ea29d24c6bf8d4818a4bb"

url@^0.11.0:
  version "0.11.0"
  resolved "https://registry.yarnpkg.com/url/-/url-0.11.0.tgz#3838e97cfc60521eb73c525a8e55bfdd9e2e28f1"
  dependencies:
    punycode "1.3.2"
    querystring "0.2.0"

util-deprecate@~1.0.1:
  version "1.0.2"
  resolved "https://registry.yarnpkg.com/util-deprecate/-/util-deprecate-1.0.2.tgz#450d4dc9fa70de732762fbd2d4a28981419a0ccf"

whatwg-fetch@>=0.10.0:
  version "2.0.1"
  resolved "https://registry.yarnpkg.com/whatwg-fetch/-/whatwg-fetch-2.0.1.tgz#078b9461bbe91cea73cbce8bb122a05f9e92b772"

when@^3.7.5:
  version "3.7.7"
  resolved "https://registry.yarnpkg.com/when/-/when-3.7.7.tgz#aba03fc3bb736d6c88b091d013d8a8e590d84718"

xtend@^4.0.0:
  version "4.0.1"
  resolved "https://registry.yarnpkg.com/xtend/-/xtend-4.0.1.tgz#a5c6d532be656e23db820efb943a1f04998d63af"
